
Microsoft Visual Studio Solution File, Format Version 12.00
# Visual Studio Version 16
VisualStudioVersion = 16.0.30011.22
MinimumVisualStudioVersion = 10.0.40219.1
Project("{888888A0-9F3D-457C-B088-3A5042F75D52}") = "PyGraph.Core", "PyGraph.Core\PyGraph.Core.pyproj", "{00999653-A4CF-4318-A729-BD5979A16292}"
EndProject
Global
	GlobalSection(SolutionConfigurationPlatforms) = preSolution
		Debug|Any CPU = Debug|Any CPU
		Release|Any CPU = Release|Any CPU
	EndGlobalSection
	GlobalSection(ProjectConfigurationPlatforms) = postSolution
		{00999653-A4CF-4318-A729-BD5979A16292}.Debug|Any CPU.ActiveCfg = Debug|Any CPU
		{00999653-A4CF-4318-A729-BD5979A16292}.Release|Any CPU.ActiveCfg = Release|Any CPU
	EndGlobalSection
	GlobalSection(SolutionProperties) = preSolution
		HideSolutionNode = FALSE
	EndGlobalSection
	GlobalSection(ExtensibilityGlobals) = postSolution
		SolutionGuid = {5AAE005E-6ABF-4167-A12C-4444A11A58D6}
	EndGlobalSection
EndGlobal
